
Microsoft Visual Studio Solution File, Format Version 12.00
# Visual Studio Version 16
VisualStudioVersion = 16.0.30011.22
MinimumVisualStudioVersion = 10.0.40219.1
Project("{FAE04EC0-301F-11D3-BF4B-00C04F79EFBC}") = "lab forms", "lab forms\lab forms.csproj", "{BA4F8B64-B49B-491D-851C-B54C0A86A523}"
EndProject
Project("{FAE04EC0-301F-11D3-BF4B-00C04F79EFBC}") = "Domain", "People\Domain.csproj", "{9B0CC85E-A4B8-46BD-87B1-A10F2C04C8DA}"
EndProject
Project("{FAE04EC0-301F-11D3-BF4B-00C04F79EFBC}") = "Blogic", "Blogic\Blogic.csproj", "{C60F74AA-EDF4-42EF-8914-EE387B6D8992}"
EndProject
Global
	GlobalSection(SolutionConfigurationPlatforms) = preSolution
		Debug|Any CPU = Debug|Any CPU
		Release|Any CPU = Release|Any CPU
	EndGlobalSection
	GlobalSection(ProjectConfigurationPlatforms) = postSolution
		{BA4F8B64-B49B-491D-851C-B54C0A86A523}.Debug|Any CPU.ActiveCfg = Debug|Any CPU
		{BA4F8B64-B49B-491D-851C-B54C0A86A523}.Debug|Any CPU.Build.0 = Debug|Any CPU
		{BA4F8B64-B49B-491D-851C-B54C0A86A523}.Release|Any CPU.ActiveCfg = Release|Any CPU
		{BA4F8B64-B49B-491D-851C-B54C0A86A523}.Release|Any CPU.Build.0 = Release|Any CPU
		{9B0CC85E-A4B8-46BD-87B1-A10F2C04C8DA}.Debug|Any CPU.ActiveCfg = Debug|Any CPU
		{9B0CC85E-A4B8-46BD-87B1-A10F2C04C8DA}.Debug|Any CPU.Build.0 = Debug|Any CPU
		{9B0CC85E-A4B8-46BD-87B1-A10F2C04C8DA}.Release|Any CPU.ActiveCfg = Release|Any CPU
		{9B0CC85E-A4B8-46BD-87B1-A10F2C04C8DA}.Release|Any CPU.Build.0 = Release|Any CPU
		{C60F74AA-EDF4-42EF-8914-EE387B6D8992}.Debug|Any CPU.ActiveCfg = Debug|Any CPU
		{C60F74AA-EDF4-42EF-8914-EE387B6D8992}.Debug|Any CPU.Build.0 = Debug|Any CPU
		{C60F74AA-EDF4-42EF-8914-EE387B6D8992}.Release|Any CPU.ActiveCfg = Release|Any CPU
		{C60F74AA-EDF4-42EF-8914-EE387B6D8992}.Release|Any CPU.Build.0 = Release|Any CPU
	EndGlobalSection
	GlobalSection(SolutionProperties) = preSolution
		HideSolutionNode = FALSE
	EndGlobalSection
	GlobalSection(ExtensibilityGlobals) = postSolution
		SolutionGuid = {5B7AB92A-7C67-4018-8ED7-E58B91D99B9E}
	EndGlobalSection
EndGlobal
